Microsoft Visual Studio Solution File, Format Version 11.00
# Visual Studio 2008

Project("{0707B2B2-1C31-E466-34B5-3E3375A308EC}") = "Mato de Pipa - Projeto", "Assembly-CSharp-firstpass-vs.csproj", "{322E8D3D-68C4-324E-80B6-1D8469DA7E04}"
EndProject
Project("{0707B2B2-1C31-E466-34B5-3E3375A308EC}") = "Mato de Pipa - Projeto", "Assembly-CSharp-vs.csproj", "{E2F0726F-2A5B-8F68-41C4-057C4181B355}"
EndProject
Global
	GlobalSection(SolutionConfigurationPlatforms) = preSolution
		Debug|Any CPU = Debug|Any CPU
		Release|Any CPU = Release|Any CPU
	EndGlobalSection
	GlobalSection(ProjectConfigurationPlatforms) = postSolution
		{322E8D3D-68C4-324E-80B6-1D8469DA7E04}.Debug|Any CPU.ActiveCfg = Debug|Any CPU
		{322E8D3D-68C4-324E-80B6-1D8469DA7E04}.Debug|Any CPU.Build.0 = Debug|Any CPU
		{322E8D3D-68C4-324E-80B6-1D8469DA7E04}.Release|Any CPU.ActiveCfg = Release|Any CPU
		{322E8D3D-68C4-324E-80B6-1D8469DA7E04}.Release|Any CPU.Build.0 = Release|Any CPU
		{E2F0726F-2A5B-8F68-41C4-057C4181B355}.Debug|Any CPU.ActiveCfg = Debug|Any CPU
		{E2F0726F-2A5B-8F68-41C4-057C4181B355}.Debug|Any CPU.Build.0 = Debug|Any CPU
		{E2F0726F-2A5B-8F68-41C4-057C4181B355}.Release|Any CPU.ActiveCfg = Release|Any CPU
		{E2F0726F-2A5B-8F68-41C4-057C4181B355}.Release|Any CPU.Build.0 = Release|Any CPU
	EndGlobalSection
	GlobalSection(SolutionProperties) = preSolution
		HideSolutionNode = FALSE
	EndGlobalSection
																																										GlobalSection(MonoDevelopProperties) = preSolution
		StartupItem = Assembly-CSharp.csproj
		Policies = $0
		$0.TextStylePolicy = $1
		$1.inheritsSet = null
		$1.scope = text/x-csharp
		$0.CSharpFormattingPolicy = $2
		$2.inheritsSet = Mono
		$2.inheritsScope = text/x-csharp
		$2.scope = text/x-csharp
		$0.TextStylePolicy = $3
		$3.FileWidth = 120
		$3.TabWidth = 4
		$3.EolMarker = Unix
		$3.inheritsSet = Mono
		$3.inheritsScope = text/plain
		$3.scope = text/plain
	EndGlobalSection

EndGlobal
